<?xml version="1.0" encoding="utf-8"?>
<Project ToolsVersion="4.0" xmlns="http://schemas.microsoft.com/developer/msbuild/2003">
  <ItemGroup>
    <Filter Include="Contents">
      <UniqueIdentifier>{5d8dfc7a-361c-4992-9384-b857b9087002}</UniqueIdentifier>
    </Filter>
    <Filter Include="Engine">
      <UniqueIdentifier>{e2afd85d-329e-4f9b-9308-6c0016c1b3da}</UniqueIdentifier>
    </Filter>
    <Filter Include="Engine\Manager">
      <UniqueIdentifier>{bcb8f830-1b28-4374-889f-6fd84966606a}</UniqueIdentifier>
    </Filter>
  </ItemGroup>
  <ItemGroup>
    <ClCompile Include="Main.cpp">
      <Filter>Engine</Filter>
    </ClCompile>
    <ClCompile Include="Delegate.cpp">
      <Filter>Contents</Filter>
    </ClCompile>
    <ClCompile Include="Engine.cpp">
      <Filter>Engine</Filter>
    </ClCompile>
    <ClCompile Include="TimeManager.cpp">
      <Filter>Engine\Manager</Filter>
    </ClCompile>
    <ClCompile Include="OutputManager.cpp">
      <Filter>Engine\Manager</Filter>
    </ClCompile>
    <ClCompile Include="InputManager.cpp">
      <Filter>Engine\Manager</Filter>
    </ClCompile>
  </ItemGroup>
  <ItemGroup>
    <ClInclude Include="Delegate.h">
      <Filter>Contents</Filter>
    </ClInclude>
    <ClInclude Include="Engine.h">
      <Filter>Engine</Filter>
    </ClInclude>
    <ClInclude Include="TimeManager.h">
      <Filter>Engine\Manager</Filter>
    </ClInclude>
    <ClInclude Include="OutputManager.h">
      <Filter>Engine\Manager</Filter>
    </ClInclude>
    <ClInclude Include="InputManager.h">
      <Filter>Engine\Manager</Filter>
    </ClInclude>
  </ItemGroup>
</Project>